
Microsoft Visual Studio Solution File, Format Version 12.00
# Visual Studio 15
VisualStudioVersion = 15.0.28010.2048
MinimumVisualStudioVersion = 10.0.40219.1
Project("{FAE04EC0-301F-11D3-BF4B-00C04F79EFBC}") = "ifcViewer", "ifcViewer\ifcViewer.csproj", "{B67D8355-1A44-4EA1-A010-2CBD2FD21EA8}"
EndProject
Global
	GlobalSection(SolutionConfigurationPlatforms) = preSolution
		Debug|Any CPU = Debug|Any CPU
		Debug|x64 = Debug|x64
		Debug|x86 = Debug|x86
		Release|Any CPU = Release|Any CPU
		Release|x64 = Release|x64
		Release|x86 = Release|x86
	EndGlobalSection
	GlobalSection(ProjectConfigurationPlatforms) = postSolution
		{B67D8355-1A44-4EA1-A010-2CBD2FD21EA8}.Debug|Any CPU.ActiveCfg = Debug|x86
		{B67D8355-1A44-4EA1-A010-2CBD2FD21EA8}.Debug|x64.ActiveCfg = Debug|x64
		{B67D8355-1A44-4EA1-A010-2CBD2FD21EA8}.Debug|x64.Build.0 = Debug|x64
		{B67D8355-1A44-4EA1-A010-2CBD2FD21EA8}.Debug|x86.ActiveCfg = Debug|x86
		{B67D8355-1A44-4EA1-A010-2CBD2FD21EA8}.Debug|x86.Build.0 = Debug|x86
		{B67D8355-1A44-4EA1-A010-2CBD2FD21EA8}.Release|Any CPU.ActiveCfg = Release|x86
		{B67D8355-1A44-4EA1-A010-2CBD2FD21EA8}.Release|x64.ActiveCfg = Release|x64
		{B67D8355-1A44-4EA1-A010-2CBD2FD21EA8}.Release|x64.Build.0 = Release|x64
		{B67D8355-1A44-4EA1-A010-2CBD2FD21EA8}.Release|x86.ActiveCfg = Release|x86
		{B67D8355-1A44-4EA1-A010-2CBD2FD21EA8}.Release|x86.Build.0 = Release|x86
	EndGlobalSection
	GlobalSection(SolutionProperties) = preSolution
		HideSolutionNode = FALSE
	EndGlobalSection
	GlobalSection(ExtensibilityGlobals) = postSolution
		SolutionGuid = {CA0D349D-C544-405F-9572-80BD64285B6B}
	EndGlobalSection
EndGlobal
